
Microsoft Visual Studio Solution File, Format Version 12.00
# Visual Studio Version 17
VisualStudioVersion = 17.11.35327.3
MinimumVisualStudioVersion = 10.0.40219.1
Project("{9A19103F-16F7-4668-BE54-9A1E7A4F7556}") = "Dz_Tumak", "Dz_Tumak\Dz_Tumak.csproj", "{9026CEA9-0B85-409E-923B-DE771BCD7CC6}"
EndProject
Global
	GlobalSection(SolutionConfigurationPlatforms) = preSolution
		Debug|Any CPU = Debug|Any CPU
		Release|Any CPU = Release|Any CPU
	EndGlobalSection
	GlobalSection(ProjectConfigurationPlatforms) = postSolution
		{9026CEA9-0B85-409E-923B-DE771BCD7CC6}.Debug|Any CPU.ActiveCfg = Debug|Any CPU
		{9026CEA9-0B85-409E-923B-DE771BCD7CC6}.Debug|Any CPU.Build.0 = Debug|Any CPU
		{9026CEA9-0B85-409E-923B-DE771BCD7CC6}.Release|Any CPU.ActiveCfg = Release|Any CPU
		{9026CEA9-0B85-409E-923B-DE771BCD7CC6}.Release|Any CPU.Build.0 = Release|Any CPU
	EndGlobalSection
	GlobalSection(SolutionProperties) = preSolution
		HideSolutionNode = FALSE
	EndGlobalSection
	GlobalSection(ExtensibilityGlobals) = postSolution
		SolutionGuid = {EB8F757F-3902-455B-BBD5-C9D505F75138}
	EndGlobalSection
EndGlobal
